
Microsoft Visual Studio Solution File, Format Version 12.00
# Visual Studio Version 17
VisualStudioVersion = 17.11.35431.28
MinimumVisualStudioVersion = 10.0.40219.1
Project("{9A19103F-16F7-4668-BE54-9A1E7A4F7556}") = "EducationAPI", "EducationAPI\EducationAPI.csproj", "{51079378-5F8F-454B-8182-BD9FDDB8A71A}"
EndProject
Project("{9A19103F-16F7-4668-BE54-9A1E7A4F7556}") = "EducationWebApp", "EducationWebApp\EducationWebApp.csproj", "{56AF6C6C-2180-40CD-80A7-F3BC2200FF2B}"
EndProject
Project("{9A19103F-16F7-4668-BE54-9A1E7A4F7556}") = "ModelDLL", "ModelDLL\ModelDLL.csproj", "{46AD126F-E297-4B51-BEA1-BACB410E9206}"
EndProject
Project("{2150E333-8FDC-42A3-9474-1A3956D46DE8}") = "Models", "Models", "{CEAE466C-8974-414A-8BFD-EF4BD72F8B04}"
EndProject
Global
	GlobalSection(SolutionConfigurationPlatforms) = preSolution
		Debug|Any CPU = Debug|Any CPU
		Release|Any CPU = Release|Any CPU
	EndGlobalSection
	GlobalSection(ProjectConfigurationPlatforms) = postSolution
		{51079378-5F8F-454B-8182-BD9FDDB8A71A}.Debug|Any CPU.ActiveCfg = Debug|Any CPU
		{51079378-5F8F-454B-8182-BD9FDDB8A71A}.Debug|Any CPU.Build.0 = Debug|Any CPU
		{51079378-5F8F-454B-8182-BD9FDDB8A71A}.Release|Any CPU.ActiveCfg = Release|Any CPU
		{51079378-5F8F-454B-8182-BD9FDDB8A71A}.Release|Any CPU.Build.0 = Release|Any CPU
		{56AF6C6C-2180-40CD-80A7-F3BC2200FF2B}.Debug|Any CPU.ActiveCfg = Debug|Any CPU
		{56AF6C6C-2180-40CD-80A7-F3BC2200FF2B}.Debug|Any CPU.Build.0 = Debug|Any CPU
		{56AF6C6C-2180-40CD-80A7-F3BC2200FF2B}.Release|Any CPU.ActiveCfg = Release|Any CPU
		{56AF6C6C-2180-40CD-80A7-F3BC2200FF2B}.Release|Any CPU.Build.0 = Release|Any CPU
		{46AD126F-E297-4B51-BEA1-BACB410E9206}.Debug|Any CPU.ActiveCfg = Debug|Any CPU
		{46AD126F-E297-4B51-BEA1-BACB410E9206}.Debug|Any CPU.Build.0 = Debug|Any CPU
		{46AD126F-E297-4B51-BEA1-BACB410E9206}.Release|Any CPU.ActiveCfg = Release|Any CPU
		{46AD126F-E297-4B51-BEA1-BACB410E9206}.Release|Any CPU.Build.0 = Release|Any CPU
	EndGlobalSection
	GlobalSection(SolutionProperties) = preSolution
		HideSolutionNode = FALSE
	EndGlobalSection
	GlobalSection(NestedProjects) = preSolution
		{46AD126F-E297-4B51-BEA1-BACB410E9206} = {CEAE466C-8974-414A-8BFD-EF4BD72F8B04}
	EndGlobalSection
	GlobalSection(ExtensibilityGlobals) = postSolution
		SolutionGuid = {E72AAC11-5CD0-4245-8566-F6A651555599}
	EndGlobalSection
EndGlobal
